
Microsoft Visual Studio Solution File, Format Version 12.00
# Visual Studio Version 16
VisualStudioVersion = 16.0.30309.148
MinimumVisualStudioVersion = 10.0.40219.1
Project("{FAE04EC0-301F-11D3-BF4B-00C04F79EFBC}") = "Remote Work", "Remote Work\Remote Work.csproj", "{C60B54F9-07AD-4A26-9A2A-0520234979C1}"
EndProject
Global
	GlobalSection(SolutionConfigurationPlatforms) = preSolution
		Debug|Any CPU = Debug|Any CPU
		Release|Any CPU = Release|Any CPU
	EndGlobalSection
	GlobalSection(ProjectConfigurationPlatforms) = postSolution
		{C60B54F9-07AD-4A26-9A2A-0520234979C1}.Debug|Any CPU.ActiveCfg = Debug|Any CPU
		{C60B54F9-07AD-4A26-9A2A-0520234979C1}.Debug|Any CPU.Build.0 = Debug|Any CPU
		{C60B54F9-07AD-4A26-9A2A-0520234979C1}.Release|Any CPU.ActiveCfg = Release|Any CPU
		{C60B54F9-07AD-4A26-9A2A-0520234979C1}.Release|Any CPU.Build.0 = Release|Any CPU
	EndGlobalSection
	GlobalSection(SolutionProperties) = preSolution
		HideSolutionNode = FALSE
	EndGlobalSection
	GlobalSection(ExtensibilityGlobals) = postSolution
		SolutionGuid = {D7F40326-B1B1-4D53-9D86-71D7446C0CE1}
	EndGlobalSection
EndGlobal
